version = 1
revision = 3
requires-python = ">=3.13"

[[package]]
name = "anyio"
version = "4.10.0"
source = { registry = "https://pypi.org/simple" }
dependencies = [
    { name = "idna" },
    { name = "sniffio" },
]
sdist = { url = "https://files.pythonhosted.org/packages/f1/b4/636b3b65173d3ce9a38ef5f0522789614e590dab6a8d505340a4efe4c567/anyio-4.10.0.tar.gz", hash = "sha256:3f3fae35c96039744587aa5b8371e7e8e603c0702999535961dd336026973ba6", size = 213252, upload-time = "2025-08-04T08:54:26.451Z" }
wheels = [
    { url = "https://files.pythonhosted.org/packages/6f/12/e5e0282d673bb9746bacfb6e2dba8719989d3660cdb2ea79aee9a9651afb/anyio-4.10.0-py3-none-any.whl", hash = "sha256:60e474ac86736bbfd6f210f7a61218939c318f43f9972497381f1c5e930ed3d1", size = 107213, upload-time = "2025-08-04T08:54:24.882Z" },
]

[[package]]
name = "certifi"
version = "2020.12.5"
source = { registry = "https://pypi.org/simple" }
sdist = { url = "https://files.pythonhosted.org/packages/06/a9/cd1fd8ee13f73a4d4f491ee219deeeae20afefa914dfb4c130cfc9dc397a/certifi-2020.12.5.tar.gz", hash = "sha256:1a4995114262bffbc2413b159f2a1a480c969de6e6eb13ee966d470af86af59c", size = 149468, upload-time = "2020-12-05T20:31:20.677Z" }
wheels = [
    { url = "https://files.pythonhosted.org/packages/5e/a0/5f06e1e1d463903cf0c0eebeb751791119ed7a4b3737fdc9a77f1cdfb51f/certifi-2020.12.5-py2.py3-none-any.whl", hash = "sha256:719a74fb9e33b9bd44cc7f3a8d94bc35e4049deebe19ba7d8e108280cfd59830", size = 147526, upload-time = "2020-12-05T20:31:18.93Z" },
]

[[package]]
name = "chardet"
version = "5.2.0"
source = { registry = "https://pypi.org/simple" }
sdist = { url = "https://files.pythonhosted.org/packages/f3/0d/f7b6ab21ec75897ed80c17d79b15951a719226b9fababf1e40ea74d69079/chardet-5.2.0.tar.gz", hash = "sha256:1b3b6ff479a8c414bc3fa2c0852995695c4a026dcd6d0633b2dd092ca39c1cf7", size = 2069618, upload-time = "2023-08-01T19:23:02.662Z" }
wheels = [
    { url = "https://files.pythonhosted.org/packages/38/6f/f5fbc992a329ee4e0f288c1fe0e2ad9485ed064cac731ed2fe47dcc38cbf/chardet-5.2.0-py3-none-any.whl", hash = "sha256:e1cf59446890a00105fe7b7912492ea04b6e6f06d4b742b2c788469e34c82970", size = 199385, upload-time = "2023-08-01T19:23:00.661Z" },
]

[[package]]
name = "dancebreak"
version = "0.1.0"
source = { virtual = "." }
dependencies = [
    { name = "notion-client" },
    { name = "notion-to-md-py" },
    { name = "pyyaml" },
]

[package.metadata]
requires-dist = [
    { name = "notion-client", specifier = ">=2.5.0" },
    { name = "notion-to-md-py", specifier = ">=0.1.3" },
    { name = "pyyaml", specifier = ">=6.0.2" },
]

[[package]]
name = "dataproperty"
version = "1.1.0"
source = { registry = "https://pypi.org/simple" }
dependencies = [
    { name = "mbstrdecoder" },
    { name = "typepy", extra = ["datetime"] },
]
sdist = { url = "https://files.pythonhosted.org/packages/0b/81/8c8b64ae873cb9014815214c07b63b12e3b18835780fb342223cfe3fe7d8/dataproperty-1.1.0.tar.gz", hash = "sha256:b038437a4097d1a1c497695c3586ea34bea67fdd35372b9a50f30bf044d77d04", size = 42574, upload-time = "2024-12-31T14:37:26.033Z" }
wheels = [
    { url = "https://files.pythonhosted.org/packages/21/c2/e12e95e289e6081a40454199ab213139ef16a528c7c86432de545b05a23a/DataProperty-1.1.0-py3-none-any.whl", hash = "sha256:c61fcb2e2deca35e6d1eb1f251a7f22f0dcde63e80e61f0cc18c19f42abfd25b", size = 27581, upload-time = "2024-12-31T14:37:22.657Z" },
]

[[package]]
name = "h11"
version = "0.16.0"
source = { registry = "https://pypi.org/simple" }
sdist = { url = "https://files.pythonhosted.org/packages/01/ee/02a2c011bdab74c6fb3c75474d40b3052059d95df7e73351460c8588d963/h11-0.16.0.tar.gz", hash = "sha256:4e35b956cf45792e4caa5885e69fba00bdbc6ffafbfa020300e549b208ee5ff1", size = 101250, upload-time = "2025-04-24T03:35:25.427Z" }
wheels = [
    { url = "https://files.pythonhosted.org/packages/04/4b/29cac41a4d98d144bf5f6d33995617b185d14b22401f75ca86f384e87ff1/h11-0.16.0-py3-none-any.whl", hash = "sha256:63cf8bbe7522de3bf65932fda1d9c2772064ffb3dae62d55932da54b31cb6c86", size = 37515, upload-time = "2025-04-24T03:35:24.344Z" },
]

[[package]]
name = "httpcore"
version = "1.0.9"
source = { registry = "https://pypi.org/simple" }
dependencies = [
    { name = "certifi" },
    { name = "h11" },
]
sdist = { url = "https://files.pythonhosted.org/packages/06/94/82699a10bca87a5556c9c59b5963f2d039dbd239f25bc2a63907a05a14cb/httpcore-1.0.9.tar.gz", hash = "sha256:6e34463af53fd2ab5d807f399a9b45ea31c3dfa2276f15a2c3f00afff6e176e8", size = 85484, upload-time = "2025-04-24T22:06:22.219Z" }
wheels = [
    { url = "https://files.pythonhosted.org/packages/7e/f5/f66802a942d491edb555dd61e3a9961140fd64c90bce1eafd741609d334d/httpcore-1.0.9-py3-none-any.whl", hash = "sha256:2d400746a40668fc9dec9810239072b40b4484b640a8c38fd654a024c7a1bf55", size = 78784, upload-time = "2025-04-24T22:06:20.566Z" },
]

[[package]]
name = "httpx"
version = "0.28.1"
source = { registry = "https://pypi.org/simple" }
dependencies = [
    { name = "anyio" },
    { name = "certifi" },
    { name = "httpcore" },
    { name = "idna" },
]
sdist = { url = "https://files.pythonhosted.org/packages/b1/df/48c586a5fe32a0f01324ee087459e112ebb7224f646c0b5023f5e79e9956/httpx-0.28.1.tar.gz", hash = "sha256:75e98c5f16b0f35b567856f597f06ff2270a374470a5c2392242528e3e3e42fc", size = 141406, upload-time = "2024-12-06T15:37:23.222Z" }
wheels = [
    { url = "https://files.pythonhosted.org/packages/2a/39/e50c7c3a983047577ee07d2a9e53faf5a69493943ec3f6a384bdc792deb2/httpx-0.28.1-py3-none-any.whl", hash = "sha256:d909fcccc110f8c7faf814ca82a9a4d816bc5a6dbfea25d6591d6985b8ba59ad", size = 73517, upload-time = "2024-12-06T15:37:21.509Z" },
]

[[package]]
name = "idna"
version = "2.10"
source = { registry = "https://pypi.org/simple" }
sdist = { url = "https://files.pythonhosted.org/packages/ea/b7/e0e3c1c467636186c39925827be42f16fee389dc404ac29e930e9136be70/idna-2.10.tar.gz", hash = "sha256:b307872f855b18632ce0c21c5e45be78c0ea7ae4c15c828c20788b26921eb3f6", size = 175616, upload-time = "2020-06-27T23:45:05.21Z" }
wheels = [
    { url = "https://files.pythonhosted.org/packages/a2/38/928ddce2273eaa564f6f50de919327bf3a00f091b5baba8dfa9460f3a8a8/idna-2.10-py2.py3-none-any.whl", hash = "sha256:b97d804b1e9b523befed77c48dacec60e6dcb0b5391d57af6a65a312a90648c0", size = 58811, upload-time = "2020-06-27T23:45:03.457Z" },
]

[[package]]
name = "mbstrdecoder"
version = "1.1.4"
source = { registry = "https://pypi.org/simple" }
dependencies = [
    { name = "chardet" },
]
sdist = { url = "https://files.pythonhosted.org/packages/31/ab/05ae008357c8bdb6245ebf8a101d99f26c096e0ea20800b318153da23796/mbstrdecoder-1.1.4.tar.gz", hash = "sha256:8105ef9cf6b7d7d69fe7fd6b68a2d8f281ca9b365d7a9b670be376b2e6c81b21", size = 14527, upload-time = "2025-01-18T10:07:31.089Z" }
wheels = [
    { url = "https://files.pythonhosted.org/packages/30/ac/5ce64a1d4cce00390beab88622a290420401f1cabf05caf2fc0995157c21/mbstrdecoder-1.1.4-py3-none-any.whl", hash = "sha256:03dae4ec50ec0d2ff4743e63fdbd5e0022815857494d35224b60775d3d934a8c", size = 7933, upload-time = "2025-01-18T10:07:29.562Z" },
]

[[package]]
name = "notion-client"
version = "2.5.0"
source = { registry = "https://pypi.org/simple" }
dependencies = [
    { name = "httpx" },
]
sdist = { url = "https://files.pythonhosted.org/packages/b6/8c/b2f11904e1ef7a33338d3890fc50d30ffa2d0fca51b01b0a827d909b615a/notion_client-2.5.0.tar.gz", hash = "sha256:a03a0cc0502292193527af07a3bd13e40eb2b1083b60dcc7d733baad2d2729fd", size = 20865, upload-time = "2025-08-26T10:40:05.041Z" }
wheels = [
    { url = "https://files.pythonhosted.org/packages/cd/52/6b2a3081e1cb1123b1b28d5b1ebe88cb9e19b72264552dc707c1b265a1a7/notion_client-2.5.0-py2.py3-none-any.whl", hash = "sha256:d2efde1def1e7a3cc68cf4d2cab715571c71767852b26bf04474e9945d4a5903", size = 14348, upload-time = "2025-08-26T10:40:03.806Z" },
]

[[package]]
name = "notion-to-md-py"
version = "0.1.4"
source = { registry = "https://pypi.org/simple" }
dependencies = [
    { name = "httpx" },
    { name = "notion-client" },
    { name = "pytablewriter" },
]
sdist = { url = "https://files.pythonhosted.org/packages/cd/fc/b5c89f669a5216e3e7a19806f06327eac6f7340410a8388bc2b861b2d47d/notion_to_md_py-0.1.4.tar.gz", hash = "sha256:11b53cf1d903a48f66bdc6b4e3a0941d61fc4aae1eccffab60f0f1eb684130d7", size = 11252, upload-time = "2025-11-14T13:47:10.559Z" }
wheels = [
    { url = "https://files.pythonhosted.org/packages/a3/eb/a8f26a12ced1949288a8946c259243a8d1721d31414b26a101aba1fc91ea/notion_to_md_py-0.1.4-py3-none-any.whl", hash = "sha256:3db73e55f04f02845273816de33ea5de7c8eb7e72136372ff75075ea0b552462", size = 12007, upload-time = "2025-11-14T13:47:09.768Z" },
]

[[package]]
name = "packaging"
version = "26.0"
source = { registry = "https://pypi.org/simple" }
sdist = { url = "https://files.pythonhosted.org/packages/65/ee/299d360cdc32edc7d2cf530f3accf79c4fca01e96ffc950d8a52213bd8e4/packaging-26.0.tar.gz", hash = "sha256:00243ae351a257117b6a241061796684b084ed1c516a08c48a3f7e147a9d80b4", size = 143416, upload-time = "2026-01-21T20:50:39.064Z" }
wheels = [
    { url = "https://files.pythonhosted.org/packages/b7/b9/c538f279a4e237a006a2c98387d081e9eb060d203d8ed34467cc0f0b9b53/packaging-26.0-py3-none-any.whl", hash = "sha256:b36f1fef9334a5588b4166f8bcd26a14e521f2b55e6b9de3aaa80d3ff7a37529", size = 74366, upload-time = "2026-01-21T20:50:37.788Z" },
]

[[package]]
name = "pathvalidate"
version = "3.3.1"
source = { registry = "https://pypi.org/simple" }
sdist = { url = "https://files.pythonhosted.org/packages/fa/2a/52a8da6fe965dea6192eb716b357558e103aea0a1e9a8352ad575a8406ca/pathvalidate-3.3.1.tar.gz", hash = "sha256:b18c07212bfead624345bb8e1d6141cdcf15a39736994ea0b94035ad2b1ba177", size = 63262, upload-time = "2025-06-15T09:07:20.736Z" }
wheels = [
    { url = "https://files.pythonhosted.org/packages/9a/70/875f4a23bfc4731703a5835487d0d2fb999031bd415e7d17c0ae615c18b7/pathvalidate-3.3.1-py3-none-any.whl", hash = "sha256:5263baab691f8e1af96092fa5137ee17df5bdfbd6cff1fcac4d6ef4bc2e1735f", size = 24305, upload-time = "2025-06-15T09:07:19.117Z" },
]

[[package]]
name = "pytablewriter"
version = "1.2.1"
source = { registry = "https://pypi.org/simple" }
dependencies = [
    { name = "dataproperty" },
    { name = "mbstrdecoder" },
    { name = "pathvalidate" },
    { name = "setuptools" },
    { name = "tabledata" },
    { name = "tcolorpy" },
    { name = "typepy", extra = ["datetime"] },
]
sdist = { url = "https://files.pythonhosted.org/packages/f6/a1/617730f290f04d347103ab40bf67d317df6691b14746f6e1ea039fb57062/pytablewriter-1.2.1.tar.gz", hash = "sha256:7bd0f4f397e070e3b8a34edcf1b9257ccbb18305493d8350a5dbc9957fced959", size = 619241, upload-time = "2025-01-01T15:37:00.04Z" }
wheels = [
    { url = "https://files.pythonhosted.org/packages/21/4c/c199512f01c845dfe5a7840ab3aae6c60463b5dc2a775be72502dfd9170a/pytablewriter-1.2.1-py3-none-any.whl", hash = "sha256:e906ff7ff5151d70a5f66e0f7b75642a7f2dce8d893c265b79cc9cf6bc04ddb4", size = 91083, upload-time = "2025-01-01T15:36:55.63Z" },
]

[[package]]
name = "python-dateutil"
version = "2.9.0.post0"
source = { registry = "https://pypi.org/simple" }
dependencies = [
    { name = "six" },
]
sdist = { url = "https://files.pythonhosted.org/packages/66/c0/0c8b6ad9f17a802ee498c46e004a0eb49bc148f2fd230864601a86dcf6db/python-dateutil-2.9.0.post0.tar.gz", hash = "sha256:37dd54208da7e1cd875388217d5e00ebd4179249f90fb72437e91a35459a0ad3", size = 342432, upload-time = "2024-03-01T18:36:20.211Z" }
wheels = [
    { url = "https://files.pythonhosted.org/packages/ec/57/56b9bcc3c9c6a792fcbaf139543cee77261f3651ca9da0c93f5c1221264b/python_dateutil-2.9.0.post0-py2.py3-none-any.whl", hash = "sha256:a8b2bc7bffae282281c8140a97d3aa9c14da0b136dfe83f850eea9a5f7470427", size = 229892, upload-time = "2024-03-01T18:36:18.57Z" },
]

[[package]]
name = "pytz"
version = "2025.2"
source = { registry = "https://pypi.org/simple" }
sdist = { url = "https://files.pythonhosted.org/packages/f8/bf/abbd3cdfb8fbc7fb3d4d38d320f2441b1e7cbe29be4f23797b4a2b5d8aac/pytz-2025.2.tar.gz", hash = "sha256:360b9e3dbb49a209c21ad61809c7fb453643e048b38924c765813546746e81c3", size = 320884, upload-time = "2025-03-25T02:25:00.538Z" }
wheels = [
    { url = "https://files.pythonhosted.org/packages/81/c4/34e93fe5f5429d7570ec1fa436f1986fb1f00c3e0f43a589fe2bbcd22c3f/pytz-2025.2-py2.py3-none-any.whl", hash = "sha256:5ddf76296dd8c44c26eb8f4b6f35488f3ccbf6fbbd7adee0b7262d43f0ec2f00", size = 509225, upload-time = "2025-03-25T02:24:58.468Z" },
]

[[package]]
name = "pyyaml"
version = "6.0.2"
source = { registry = "https://pypi.org/simple" }
sdist = { url = "https://files.pythonhosted.org/packages/54/ed/79a089b6be93607fa5cdaedf301d7dfb23af5f25c398d5ead2525b063e17/pyyaml-6.0.2.tar.gz", hash = "sha256:d584d9ec91ad65861cc08d42e834324ef890a082e591037abe114850ff7bbc3e", size = 130631, upload-time = "2024-08-06T20:33:50.674Z" }
wheels = [
    { url = "https://files.pythonhosted.org/packages/ef/e3/3af305b830494fa85d95f6d95ef7fa73f2ee1cc8ef5b495c7c3269fb835f/PyYAML-6.0.2-cp313-cp313-macosx_10_13_x86_64.whl", hash = "sha256:efdca5630322a10774e8e98e1af481aad470dd62c3170801852d752aa7a783ba", size = 181309, upload-time = "2024-08-06T20:32:43.4Z" },
    { url = "https://files.pythonhosted.org/packages/45/9f/3b1c20a0b7a3200524eb0076cc027a970d320bd3a6592873c85c92a08731/PyYAML-6.0.2-cp313-cp313-macosx_11_0_arm64.whl", hash = "sha256:50187695423ffe49e2deacb8cd10510bc361faac997de9efef88badc3bb9e2d1", size = 171679, upload-time = "2024-08-06T20:32:44.801Z" },
    { url = "https://files.pythonhosted.org/packages/7c/9a/337322f27005c33bcb656c655fa78325b730324c78620e8328ae28b64d0c/PyYAML-6.0.2-cp313-cp313-manylinux_2_17_aarch64.manylinux2014_aarch64.whl", hash = "sha256:0ffe8360bab4910ef1b9e87fb812d8bc0a308b0d0eef8c8f44e0254ab3b07133", size = 733428, upload-time = "2024-08-06T20:32:46.432Z" },
    { url = "https://files.pythonhosted.org/packages/a3/69/864fbe19e6c18ea3cc196cbe5d392175b4cf3d5d0ac1403ec3f2d237ebb5/PyYAML-6.0.2-cp313-cp313-manylinux_2_17_s390x.manylinux2014_s390x.whl", hash = "sha256:17e311b6c678207928d649faa7cb0d7b4c26a0ba73d41e99c4fff6b6c3276484", size = 763361, upload-time = "2024-08-06T20:32:51.188Z" },
    { url = "https://files.pythonhosted.org/packages/04/24/b7721e4845c2f162d26f50521b825fb061bc0a5afcf9a386840f23ea19fa/PyYAML-6.0.2-cp313-cp313-manylinux_2_17_x86_64.manylinux2014_x86_64.whl", hash = "sha256:70b189594dbe54f75ab3a1acec5f1e3faa7e8cf2f1e08d9b561cb41b845f69d5", size = 759523, upload-time = "2024-08-06T20:32:53.019Z" },
    { url = "https://files.pythonhosted.org/packages/2b/b2/e3234f59ba06559c6ff63c4e10baea10e5e7df868092bf9ab40e5b9c56b6/PyYAML-6.0.2-cp313-cp313-musllinux_1_1_aarch64.whl", hash = "sha256:41e4e3953a79407c794916fa277a82531dd93aad34e29c2a514c2c0c5fe971cc", size = 726660, upload-time = "2024-08-06T20:32:54.708Z" },
    { url = "https://files.pythonhosted.org/packages/fe/0f/25911a9f080464c59fab9027482f822b86bf0608957a5fcc6eaac85aa515/PyYAML-6.0.2-cp313-cp313-musllinux_1_1_x86_64.whl", hash = "sha256:68ccc6023a3400877818152ad9a1033e3db8625d899c72eacb5a668902e4d652", size = 751597, upload-time = "2024-08-06T20:32:56.985Z" },
    { url = "https://files.pythonhosted.org/packages/14/0d/e2c3b43bbce3cf6bd97c840b46088a3031085179e596d4929729d8d68270/PyYAML-6.0.2-cp313-cp313-win32.whl", hash = "sha256:bc2fa7c6b47d6bc618dd7fb02ef6fdedb1090ec036abab80d4681424b84c1183", size = 140527, upload-time = "2024-08-06T20:33:03.001Z" },
    { url = "https://files.pythonhosted.org/packages/fa/de/02b54f42487e3d3c6efb3f89428677074ca7bf43aae402517bc7cca949f3/PyYAML-6.0.2-cp313-cp313-win_amd64.whl", hash = "sha256:8388ee1976c416731879ac16da0aff3f63b286ffdd57cdeb95f3f2e085687563", size = 156446, upload-time = "2024-08-06T20:33:04.33Z" },
]

[[package]]
name = "setuptools"
version = "80.10.2"
source = { registry = "https://pypi.org/simple" }
sdist = { url = "https://files.pythonhosted.org/packages/76/95/faf61eb8363f26aa7e1d762267a8d602a1b26d4f3a1e758e92cb3cb8b054/setuptools-80.10.2.tar.gz", hash = "sha256:8b0e9d10c784bf7d262c4e5ec5d4ec94127ce206e8738f29a437945fbc219b70", size = 1200343, upload-time = "2026-01-25T22:38:17.252Z" }
wheels = [
    { url = "https://files.pythonhosted.org/packages/94/b8/f1f62a5e3c0ad2ff1d189590bfa4c46b4f3b6e49cef6f26c6ee4e575394d/setuptools-80.10.2-py3-none-any.whl", hash = "sha256:95b30ddfb717250edb492926c92b5221f7ef3fbcc2b07579bcd4a27da21d0173", size = 1064234, upload-time = "2026-01-25T22:38:15.216Z" },
]

[[package]]
name = "six"
version = "1.17.0"
source = { registry = "https://pypi.org/simple" }
sdist = { url = "https://files.pythonhosted.org/packages/94/e7/b2c673351809dca68a0e064b6af791aa332cf192da575fd474ed7d6f16a2/six-1.17.0.tar.gz", hash = "sha256:ff70335d468e7eb6ec65b95b99d3a2836546063f63acc5171de367e834932a81", size = 34031, upload-time = "2024-12-04T17:35:28.174Z" }
wheels = [
    { url = "https://files.pythonhosted.org/packages/b7/ce/149a00dd41f10bc29e5921b496af8b574d8413afcd5e30dfa0ed46c2cc5e/six-1.17.0-py2.py3-none-any.whl", hash = "sha256:4721f391ed90541fddacab5acf947aa0d3dc7d27b2e1e8eda2be8970586c3274", size = 11050, upload-time = "2024-12-04T17:35:26.475Z" },
]

[[package]]
name = "sniffio"
version = "1.3.1"
source = { registry = "https://pypi.org/simple" }
sdist = { url = "https://files.pythonhosted.org/packages/a2/87/a6771e1546d97e7e041b6ae58d80074f81b7d5121207425c964ddf5cfdbd/sniffio-1.3.1.tar.gz", hash = "sha256:f4324edc670a0f49750a81b895f35c3adb843cca46f0530f79fc1babb23789dc", size = 20372, upload-time = "2024-02-25T23:20:04.057Z" }
wheels = [
    { url = "https://files.pythonhosted.org/packages/e9/44/75a9c9421471a6c4805dbf2356f7c181a29c1879239abab1ea2cc8f38b40/sniffio-1.3.1-py3-none-any.whl", hash = "sha256:2f6da418d1f1e0fddd844478f41680e794e6051915791a034ff65e5f100525a2", size = 10235, upload-time = "2024-02-25T23:20:01.196Z" },
]

[[package]]
name = "tabledata"
version = "1.3.4"
source = { registry = "https://pypi.org/simple" }
dependencies = [
    { name = "dataproperty" },
    { name = "typepy" },
]
sdist = { url = "https://files.pythonhosted.org/packages/b2/35/171c8977162f1163368406deddde4c59673b62bd0cb2f34948a02effb075/tabledata-1.3.4.tar.gz", hash = "sha256:e9649cab129d718f3bff4150083b77f8a78c30f6634a30caf692b10fdc60cb97", size = 25074, upload-time = "2024-12-31T14:12:31.198Z" }
wheels = [
    { url = "https://files.pythonhosted.org/packages/08/64/fa4160151976ee4b2cf0c1217a99443ffaeb991956feddfeac9eee9952f8/tabledata-1.3.4-py3-none-any.whl", hash = "sha256:1f56e433bfdeb89f4487abfa48c4603a3b07c5d3a3c7e05ff73dd018c24bd0d4", size = 11820, upload-time = "2024-12-31T14:12:28.584Z" },
]

[[package]]
name = "tcolorpy"
version = "0.1.7"
source = { registry = "https://pypi.org/simple" }
sdist = { url = "https://files.pythonhosted.org/packages/80/cc/44f2d81d8f9093aad81c3467a5bf5718d2b5f786e887b6e4adcfc17ec6b9/tcolorpy-0.1.7.tar.gz", hash = "sha256:0fbf6bf238890bbc2e32662aa25736769a29bf6d880328f310c910a327632614", size = 299437, upload-time = "2024-12-29T15:24:23.847Z" }
wheels = [
    { url = "https://files.pythonhosted.org/packages/05/a2/ed023f2edd1e011b4d99b6727bce8253842d66c3fbf9ed0a26fc09a92571/tcolorpy-0.1.7-py3-none-any.whl", hash = "sha256:26a59d52027e175a37e0aba72efc99dda43f074db71f55b316d3de37d3251378", size = 8096, upload-time = "2024-12-29T15:24:21.33Z" },
]

[[package]]
name = "typepy"
version = "1.3.4"
source = { registry = "https://pypi.org/simple" }
dependencies = [
    { name = "mbstrdecoder" },
]
sdist = { url = "https://files.pythonhosted.org/packages/79/59/4c39942077d7de285f762a91024dbda731be693591732977358f77d120fb/typepy-1.3.4.tar.gz", hash = "sha256:89c1f66de6c6133209c43a94d23431d320ba03ef5db18f241091ea594035d9de", size = 39558, upload-time = "2024-12-29T09:18:15.774Z" }
wheels = [
    { url = "https://files.pythonhosted.org/packages/ee/31/e393c3830bdedd01735bd195c85ac3034b6bcaf6c18142bab60a4047ca36/typepy-1.3.4-py3-none-any.whl", hash = "sha256:d5ed3e0c7f49521bff0603dd08cf8d453371cf68d65a29d3d0038552ccc46e2e", size = 31449, upload-time = "2024-12-29T09:18:13.135Z" },
]

[package.optional-dependencies]
datetime = [
    { name = "packaging" },
    { name = "python-dateutil" },
    { name = "pytz" },
]
